
Microsoft Visual Studio Solution File, Format Version 12.00
# Visual Studio Version 16
VisualStudioVersion = 16.0.29519.181
MinimumVisualStudioVersion = 10.0.40219.1
Project("{FAE04EC0-301F-11D3-BF4B-00C04F79EFBC}") = "footbal", "footbal\footbal.csproj", "{82F4B07D-623A-4F36-BD56-132589C05F12}"
EndProject
Global
	GlobalSection(SolutionConfigurationPlatforms) = preSolution
		Debug|Any CPU = Debug|Any CPU
		Release|Any CPU = Release|Any CPU
	EndGlobalSection
	GlobalSection(ProjectConfigurationPlatforms) = postSolution
		{82F4B07D-623A-4F36-BD56-132589C05F12}.Debug|Any CPU.ActiveCfg = Debug|Any CPU
		{82F4B07D-623A-4F36-BD56-132589C05F12}.Debug|Any CPU.Build.0 = Debug|Any CPU
		{82F4B07D-623A-4F36-BD56-132589C05F12}.Release|Any CPU.ActiveCfg = Release|Any CPU
		{82F4B07D-623A-4F36-BD56-132589C05F12}.Release|Any CPU.Build.0 = Release|Any CPU
	EndGlobalSection
	GlobalSection(SolutionProperties) = preSolution
		HideSolutionNode = FALSE
	EndGlobalSection
	GlobalSection(ExtensibilityGlobals) = postSolution
		SolutionGuid = {69F30F65-F617-428C-9454-625BB8E8A733}
	EndGlobalSection
EndGlobal
